
Microsoft Visual Studio Solution File, Format Version 12.00
# Visual Studio Version 17
VisualStudioVersion = 17.12.35514.174
MinimumVisualStudioVersion = 10.0.40219.1
Project("{FAE04EC0-301F-11D3-BF4B-00C04F79EFBC}") = "DVLD", "Driving License Management\DVLD.csproj", "{F68E7C73-1323-4046-AFAE-523AE3591C4C}"
EndProject
Project("{FAE04EC0-301F-11D3-BF4B-00C04F79EFBC}") = "DVLD_DataAccess", "Data_Access\DVLD_DataAccess.csproj", "{F71A8147-86AB-4DBC-BA6E-FD1D9260FEF0}"
EndProject
Project("{FAE04EC0-301F-11D3-BF4B-00C04F79EFBC}") = "DVLD_Business", "DVLD_Business\DVLD_Business.csproj", "{4839B154-942C-490A-A26F-56C7E310992A}"
EndProject
Global
	GlobalSection(SolutionConfigurationPlatforms) = preSolution
		Debug|Any CPU = Debug|Any CPU
		Release|Any CPU = Release|Any CPU
	EndGlobalSection
	GlobalSection(ProjectConfigurationPlatforms) = postSolution
		{F68E7C73-1323-4046-AFAE-523AE3591C4C}.Debug|Any CPU.ActiveCfg = Debug|Any CPU
		{F68E7C73-1323-4046-AFAE-523AE3591C4C}.Debug|Any CPU.Build.0 = Debug|Any CPU
		{F68E7C73-1323-4046-AFAE-523AE3591C4C}.Release|Any CPU.ActiveCfg = Release|Any CPU
		{F68E7C73-1323-4046-AFAE-523AE3591C4C}.Release|Any CPU.Build.0 = Release|Any CPU
		{F71A8147-86AB-4DBC-BA6E-FD1D9260FEF0}.Debug|Any CPU.ActiveCfg = Debug|Any CPU
		{F71A8147-86AB-4DBC-BA6E-FD1D9260FEF0}.Debug|Any CPU.Build.0 = Debug|Any CPU
		{F71A8147-86AB-4DBC-BA6E-FD1D9260FEF0}.Release|Any CPU.ActiveCfg = Release|Any CPU
		{F71A8147-86AB-4DBC-BA6E-FD1D9260FEF0}.Release|Any CPU.Build.0 = Release|Any CPU
		{4839B154-942C-490A-A26F-56C7E310992A}.Debug|Any CPU.ActiveCfg = Debug|Any CPU
		{4839B154-942C-490A-A26F-56C7E310992A}.Debug|Any CPU.Build.0 = Debug|Any CPU
		{4839B154-942C-490A-A26F-56C7E310992A}.Release|Any CPU.ActiveCfg = Release|Any CPU
		{4839B154-942C-490A-A26F-56C7E310992A}.Release|Any CPU.Build.0 = Release|Any CPU
	EndGlobalSection
	GlobalSection(SolutionProperties) = preSolution
		HideSolutionNode = FALSE
	EndGlobalSection
EndGlobal
